
Microsoft Visual Studio Solution File, Format Version 12.00
# Visual Studio Version 17
VisualStudioVersion = 17.6.33829.357
MinimumVisualStudioVersion = 10.0.40219.1
Project("{9A19103F-16F7-4668-BE54-9A1E7A4F7556}") = "Domain", "Domen\Domain.csproj", "{52C58A0C-957E-462D-85C0-DCED732D6A3D}"
EndProject
Project("{9A19103F-16F7-4668-BE54-9A1E7A4F7556}") = "Application", "Application\Application.csproj", "{7EC582E6-A354-4813-87D0-CBDEE271AD39}"
	ProjectSection(ProjectDependencies) = postProject
		{34A876C5-3480-4401-8767-534DC2D58994} = {34A876C5-3480-4401-8767-534DC2D58994}
		{52C58A0C-957E-462D-85C0-DCED732D6A3D} = {52C58A0C-957E-462D-85C0-DCED732D6A3D}
	EndProjectSection
EndProject
Project("{9A19103F-16F7-4668-BE54-9A1E7A4F7556}") = "Infrastructure", "Infrastructure\Infrastructure.csproj", "{1E09F3D4-551B-4D1D-AB45-289F67019EDF}"
EndProject
Project("{9A19103F-16F7-4668-BE54-9A1E7A4F7556}") = "WebApi", "WebApi\WebApi.csproj", "{63884758-BC78-4DF7-B7D1-E1C5E4FCC16F}"
EndProject
Project("{9A19103F-16F7-4668-BE54-9A1E7A4F7556}") = "Contracts", "Contracts\Contracts.csproj", "{34A876C5-3480-4401-8767-534DC2D58994}"
EndProject
Project("{FAE04EC0-301F-11D3-BF4B-00C04F79EFBC}") = "Client", "Client\Client.csproj", "{DCE8271C-9711-42CC-B095-319D7938D83A}"
EndProject
Global
	GlobalSection(SolutionConfigurationPlatforms) = preSolution
		Debug|Any CPU = Debug|Any CPU
		Release|Any CPU = Release|Any CPU
	EndGlobalSection
	GlobalSection(ProjectConfigurationPlatforms) = postSolution
		{52C58A0C-957E-462D-85C0-DCED732D6A3D}.Debug|Any CPU.ActiveCfg = Debug|Any CPU
		{52C58A0C-957E-462D-85C0-DCED732D6A3D}.Debug|Any CPU.Build.0 = Debug|Any CPU
		{52C58A0C-957E-462D-85C0-DCED732D6A3D}.Release|Any CPU.ActiveCfg = Release|Any CPU
		{52C58A0C-957E-462D-85C0-DCED732D6A3D}.Release|Any CPU.Build.0 = Release|Any CPU
		{7EC582E6-A354-4813-87D0-CBDEE271AD39}.Debug|Any CPU.ActiveCfg = Debug|Any CPU
		{7EC582E6-A354-4813-87D0-CBDEE271AD39}.Debug|Any CPU.Build.0 = Debug|Any CPU
		{7EC582E6-A354-4813-87D0-CBDEE271AD39}.Release|Any CPU.ActiveCfg = Release|Any CPU
		{7EC582E6-A354-4813-87D0-CBDEE271AD39}.Release|Any CPU.Build.0 = Release|Any CPU
		{1E09F3D4-551B-4D1D-AB45-289F67019EDF}.Debug|Any CPU.ActiveCfg = Debug|Any CPU
		{1E09F3D4-551B-4D1D-AB45-289F67019EDF}.Debug|Any CPU.Build.0 = Debug|Any CPU
		{1E09F3D4-551B-4D1D-AB45-289F67019EDF}.Release|Any CPU.ActiveCfg = Release|Any CPU
		{1E09F3D4-551B-4D1D-AB45-289F67019EDF}.Release|Any CPU.Build.0 = Release|Any CPU
		{63884758-BC78-4DF7-B7D1-E1C5E4FCC16F}.Debug|Any CPU.ActiveCfg = Debug|Any CPU
		{63884758-BC78-4DF7-B7D1-E1C5E4FCC16F}.Debug|Any CPU.Build.0 = Debug|Any CPU
		{63884758-BC78-4DF7-B7D1-E1C5E4FCC16F}.Release|Any CPU.ActiveCfg = Release|Any CPU
		{63884758-BC78-4DF7-B7D1-E1C5E4FCC16F}.Release|Any CPU.Build.0 = Release|Any CPU
		{34A876C5-3480-4401-8767-534DC2D58994}.Debug|Any CPU.ActiveCfg = Debug|Any CPU
		{34A876C5-3480-4401-8767-534DC2D58994}.Debug|Any CPU.Build.0 = Debug|Any CPU
		{34A876C5-3480-4401-8767-534DC2D58994}.Release|Any CPU.ActiveCfg = Release|Any CPU
		{34A876C5-3480-4401-8767-534DC2D58994}.Release|Any CPU.Build.0 = Release|Any CPU
		{DCE8271C-9711-42CC-B095-319D7938D83A}.Debug|Any CPU.ActiveCfg = Debug|Any CPU
		{DCE8271C-9711-42CC-B095-319D7938D83A}.Debug|Any CPU.Build.0 = Debug|Any CPU
		{DCE8271C-9711-42CC-B095-319D7938D83A}.Release|Any CPU.ActiveCfg = Release|Any CPU
		{DCE8271C-9711-42CC-B095-319D7938D83A}.Release|Any CPU.Build.0 = Release|Any CPU
	EndGlobalSection
	GlobalSection(SolutionProperties) = preSolution
		HideSolutionNode = FALSE
	EndGlobalSection
	GlobalSection(ExtensibilityGlobals) = postSolution
		SolutionGuid = {486FC5CE-7CBC-43FF-AEFE-AC0C34221EE6}
	EndGlobalSection
EndGlobal
